ce54ad43f7722d404a100d13682b9400fd361dfbf2354d695e15b8133ae96428  lib/alloc.cyr
69e92cc4b67f1a936f94c92ce8a4c66673758b84dba385e96fbeaa46fa692b4c  lib/alloc_agnos.cyr
62b090ca59dabcb9efc98677f495e04edf63a018105ccd0ac76f992e187cf4e6  lib/alloc_cx.cyr
a15ef42e47bfa835b72c42a5af218425192db72b5fdf26d423ff154448f4e0cf  lib/alloc_macos.cyr
2f27fed1b4711ae19dc24389aefd50016b5b0e32376f32e8b560f40f5f32d712  lib/alloc_windows.cyr
ee03323e1b6ad279619fe630bb76d47b00aca6d198d508ea804f4b19d4f2b6fd  lib/args.cyr
14bb49249285e0549e21577bbbf330e302d8423668ad2be2ae73c91463c616f3  lib/args_agnos.cyr
99f96283da419ad9f01d076269411c3d5214b6007a92d1bbe2356ab906a5d1a1  lib/args_macos.cyr
f7b9d52f29de6d3d633962ccc765a76637091a7256eebc1da5547530eed2c44b  lib/args_win.cyr
65b99d174e411037dc1662bea183fe4c67835760eda848063d352e590219d955  lib/assert.cyr
dbe63348d43b381bff254d9cc3ea7372df6b64a4338471b5b890b2ee479b408b  lib/async.cyr
9bf0b927f4d092609b9cd3305e9e204fc370b024d20e386d9e0e0d99687c0f04  lib/async_agnos.cyr
82c346ceb97ac0d79da8771ec68632ac6135e8c1f4e1007bd1603fafda6f4e9a  lib/async_macos.cyr
9f9b69b583151e6cd2f026cfa53629ef89b0e15d8c69d3778851f278a33ffaa2  lib/async_win.cyr
a31cbf049f4611a63fffbc022826d69b03d71b0a29b18bdb5ea00b6cd88823b8  lib/atomic.cyr
c95aac7657aa91b4713f33691880ba8a62f3dd6f9993bba1fb2b2e01d45bc2d4  lib/audit_walk.cyr
ddad6719545a2619cc6c32ec5c642365b985c6af3e3a881544131b1077a5ea9b  lib/bayan.cyr
a82f4d28665d98a7336b81fb344ca0c78177ffe911c61ac02bd9c18e10dadb44  lib/bench.cyr
7b6437095c35a9214eb19260ea3d6104d021e55d766d337a85354b441ce25181  lib/bounds.cyr
62f742477123341be50be74d09d16f80de08534061bc3e82fd99040df9708fc7  lib/boxed.cyr
d675375b2c3929fc0a8dadc2fb79faaa1f43e7ddb49cb1e111d9e7abcb207787  lib/callback.cyr
e84c090fd0f8532700d967ca3190837780a52a42630f4c6a0a4567ad9a49ab6b  lib/cffi.cyr
df5c33b5669c74778f57a9df9f218e7fedce78cfe68544270ba9d96b62f3dfd8  lib/chrono.cyr
096eabc580c807f3e378fbe56058780a28cdf95b9c70b44672bca0a71cf969f6  lib/ct.cyr
98d1536d5bb355549b7e7be257fb6a5620525f93b447a5a5759b04a0aa053191  lib/dxgi.cyr
95a4c68d517f8ed55a0d60fbb84124a02a469d86b16299520c607f8d455b4970  lib/dynlib.cyr
33068e6a2a3a8a9600f491f026fefe61fdaa21c392ad80e3b0594f181a3afe4f  lib/fdlopen.cyr
0145e6dc15f09e1115a7180778729ee8ec9610e2dd04d9a86f7dee69f208661b  lib/flags.cyr
ce605cd7586f5a42918d03cee7c2dd2d5c789a936b3e3febb314082da9ead98b  lib/fmt.cyr
2f9d210e9280506f280bbd10a7b26b76c7990360a97fb7701f348bfe76fbb291  lib/fnptr.cyr
050e5e6bcb2dc8b8c4ee8d83fa1879d542a481ddc5848650609217ea0638b5e1  lib/freelist.cyr
7f98ace89a7f4433c8bf86b60e672ddada09311766bca733c84ed68deea06c81  lib/fs.cyr
40a20ae12025e318246ff34f5a36f7a26eb26bbdec076bf7b3e67b4060f23ade  lib/fs_win.cyr
b3771ef6f240085934de6ed6497e876953a37131adc08d4c6c59b00cd451a37f  lib/ganita.cyr
c1111039c78e19c9404d8d296b3e88b588e735c21ae8a67a3852251d63199170  lib/grp.cyr
b34890c61d62738208106abb6d06f483819e2e01a7ac7899274542b05fdee2df  lib/hashmap.cyr
78b5e014ba2f904025cc68b6296b542d7d5b25c3375ba699d923a441abe48145  lib/hashmap_fast.cyr
9bebf72eaa4c63aac80710f21d25310b89658bb8cc9f47a8a57ba16261fa0d5b  lib/hashseed.cyr
b2aae04320aaf624fe6b8a54290f547df67a29d315deac00523498fa278cd005  lib/http.cyr
08f362cf55b61688e0893aefae51d5088f5e373519bfd0e2e6c443eba25305b6  lib/io.cyr
543be460c6d2a9922e47f4dafb4fae981802f74827b935d4ec9dadb35870cb43  lib/keccak.cyr
5d80af0ea9c77878f77bcead3b9c7d5887b44901de143fc1fbc750fac4b36b4e  lib/log.cyr
0d4cbf7da9fb275fad4efcb63963d5bdfc6cf30e5525697b71564488ededeab8  lib/mabda.cyr
a765010977ff6829def00d050e27cc94c52e5b9c6e28defb10f1fdabe2cd74e2  lib/math.cyr
18c4b2c680e33d42cd2c294c18cfa2251f10a5ad32fc67a939fd3fce86141570  lib/mmap.cyr
fe799dda111731ca5d4b92ef1160659c1cec5a507481770b5ed9c92b943d2730  lib/net.cyr
0b07decc865c5b0772bb1551232f7f07ce9f1757ad1d0a86c1b6132e546d5342  lib/niyama.cyr
16d92c974874d54467facb1a59d120f164d0215ad24a75a8aebe2abcb4c38a57  lib/overflow.cyr
81e04cb9d9dcf62655ecb8eaa318c0ad15215cf53d734431c0c12b97cfaf1c34  lib/pam.cyr
839a240cc843a0dbbfa443c9ed90982f44dad0c7f71a84fe895d62d7f018b633  lib/patra.cyr
f572274f005eaacf0910d0e564c6fa19d80919dbbe2da2e970e5537668036156  lib/poison.cyr
587b90f2267d1c7afbb589e71cf69f4e8a314ebfe6a2e4b979aceee69351dee8  lib/process.cyr
25b5508cb30c9084d220674c27f35ac07a0fae523bdcfb5746cbd5a205878d76  lib/process_agnos.cyr
cd45097afe2dfda210ff2015750962c50d4891e3ff4ba155f17b73ca092c8749  lib/process_win.cyr
3a46495c11040db6f26872366ff528bfd50f0e8e033e5c0029d0f0684cfcd615  lib/protobuf.cyr
3685581ab3dca17cb01b8e65a654ce4ca683ac67b1871b17b8bd9fb3c2cf8a02  lib/pwd.cyr
3d643b57cb58f83119213d8a706674943a9cb42842a63dcb6ea97401e17971a8  lib/random.cyr
65b5dc1c81667129a7b9a828e901a49ce2b86701008526a0b5f20f99d8545bb0  lib/regex.cyr
2af7226a9df08044fa227e99e38bd9f7724a07ae54e15ac3386a28500e7305a2  lib/regression.cyr
8c308fcc81558fb6048b7786d3c2e747831e857ecfd88c91751bd3e662c9ca73  lib/regression_agnos.cyr
66f2a7e4a5523da13da19c94d5d6d5ac14635fbba10c3bc4f950241a3b26cd10  lib/result.cyr
cabaf271f250c4ba8d867c8b465d9cc65648387a3c43b7ccf6b38d976d2867fb  lib/sakshi.cyr
d2d9db713551bc88b3666426dd5566d878d8e9137773353f3fae80c35c0a595e  lib/sandhi.cyr
c5146f1c973c6daa27174993859979430bd571cac1a224780ac21553aa71f523  lib/sankoch.cyr
dc500d517e0896751699302f6d6033b765378576f8e9ac144480262ab4214348  lib/security.cyr
2907e90cae9f66370dce6e9567e24b03dab31221cb4f0e505a5c5745232d5de4  lib/sha1.cyr
1a6ede53a3380b26fd7d314efa3d48adaccaff8b0f08a5b650c9e5d9713e4c1c  lib/shadow.cyr
8642f997645d6973bc310262de2b081061608c916ced80b61eaedc401c0e33b3  lib/sigil.cyr
423df382657ade61d0ce642a8dd69c0f6a10e432517042eed4b2ad45bc833f4f  lib/simd.cyr
724cb440922e89ff60c76eba23670eeee53b9d1f3ffdde31ebe2e2f9badda9ed  lib/slice.cyr
1287a8ca89f960f68e183de2006fe4c1c8796acd1db993acfa68b81caccc7616  lib/str.cyr
f963c13ec3945a54d7a6c626e75b9f02d2053c60deb4fa987d7fd1fff97b1723  lib/string.cyr
5c578a8e02462741cb0232ab68c0634069c8f2b2eb4d1781ab1bc8bdec3c6ea7  lib/sync.cyr
0064ea95f08490cdac07589bb509a8c76dc09feb4ddb27e9076d2c2d681a2464  lib/sync_macos.cyr
1327489329f60a7eb6ca27812073bfb14541bb3e5f8b674a7e6de3e97e177567  lib/sync_windows.cyr
7d52f12690df06327c42716f8554ca9c46b19daff6b2d951e7a73030e3b30108  lib/sys.cyr
2d68982c31a40f4b9695d484fd52aa20f6e0a7e33d9f0a90d39e1239c2dc35cf  lib/syscalls.cyr
13c325e0f168afab2918d8dee9e235959e173dcce2d5b79cedc78ff5b4f58d2f  lib/syscalls_aarch64_linux.cyr
648dd50892e04e02720d4de1790fa2d10b7105aa33ee7b43e7502508e47f2079  lib/syscalls_linux_common.cyr
72ff29f286de8edca7adc9f7d6a51ffcd52e53b4d91229f6327d910a99f1c1d2  lib/syscalls_macos.cyr
87d5ea55b7589273eee7cad4c4aee1d98b53a0d36f7d2d7d289a4dfc81fbcd26  lib/syscalls_windows.cyr
f8b411e74a14e0c150056ef227f5de4610d345bb8b941b2bc794b03ccf35a1e0  lib/syscalls_x86_64_agnos.cyr
fdc56202b9b968c26083ff66bcc9a0accd0c2176fdf4f7ba626a3c7d300d3415  lib/syscalls_x86_64_linux.cyr
30def7b0a8f770a2d66efeffd953aa4bf3f2b902207fec9104b569acdc6315b1  lib/tagged.cyr
a8ae4f1396d23bff31a4c22c53be396b4624dcd763f5a9de81d4933a07beae9e  lib/test.cyr
a012996dd8d3194c8fc65496f9e62f95e7f39eec2caa4f0b62fd7ce64ce9a042  lib/thread.cyr
6cd0930d2faf71c5f48835eca206b4d5b26bf7d81bced0b4f37a2a339fd075e3  lib/thread_agnos.cyr
010bf88c51a49041f2af49f92b0e0b23679f3e573cf5a6debce8f3fb46c3f7dd  lib/thread_local.cyr
28adc0d018577a1c21b40e088991d5a76e6c4cc367346e00f7cab7f719a6f50b  lib/thread_macos.cyr
494bb8c5265955e80c87af63b79e4227cb989ad332337d0605ef66578cddf025  lib/thread_win.cyr
2606533fa73831ec89acfffe96a1a438b2adb21be6b5b70ca02e76b6a77c6dbb  lib/tls.cyr
0ceae7028f2dcb86b6dedfcd271b67324d6d0c83dd0b4d015fb22e1795b03ebe  lib/tls_native.cyr
f266862c2b50ded0c8c63af6a1d3c24a0845bfdf07e2165757f94c1f63a601e2  lib/tls_native_conn.cyr
bb432fe9a94d00a1e112db04730cf0e65d96b5a83d903977e3eb56956e6550c4  lib/tls_native_ctx.cyr
7fe98d06fbdb08c3e1db62a7c3e7f7cbf0a15d5e11c320aa5d4795b3af240b45  lib/tls_native_hs12.cyr
79ca32e3a458700e60401cdda69bf4a10743b0086428449b3f65faa0a0ca48da  lib/tls_native_hs13.cyr
7f09bdda201facfea22a870090584127af1cc1151a822dcf15aa737fe8329468  lib/tls_native_keysched.cyr
dd083116c877c777f44f0d9e754dde477f6f42e99d5399fdc9e15ae4cf6fb06f  lib/tls_native_lowlevel.cyr
293aba79206fc1201a8998b64f51d00d8cb8ac3a5cb2f4ed96c1ca5a4b5aa2cd  lib/trait.cyr
8e45d3b594e31609051e958acac2f84cc102e0cd2264b0cbfdeaae8aaffda557  lib/unicode/_casefold_data.cyr
490ce31f13069637ada2eec85c16f1e5ef942160892f32c07b572286fa4f9912  lib/unicode/_categories_data.cyr
aeeba5627b78ffca6a34ebcbe318f50726a87d4f19713bf9ed070bbbec7ded74  lib/unicode/_decode.cyr
137fac081ec373522a0d22aa702494b45505cb7d5a9b606f4b47549a5e9d299d  lib/unicode/_normalize_data.cyr
1b25eed5cfb1555dd425644dccec378cf3ac80fe7874e35bdc30ca9edf01d35f  lib/unicode/casefold.cyr
1091c0970c74fd47f63503b5dfbe0098a1b87048a8d43cc17cf51153839b2afe  lib/unicode/categories.cyr
ae2647702546f03f5fe1f4797ef735aafbf9981bb6294a075a31d308fd7e905c  lib/unicode/normalize.cyr
fad8631e504b346040b81e9fe73f0fbf9301dcf6e5726f62169f1feae1cc60ae  lib/vani.cyr
fa7a04f961c15fa76dac4ce799830f0a71a720d27da25867f4ca68e7ea21880a  lib/vec.cyr
bbe05c67be5b0a80c255f58aa10328c81ee1ec4ed8bca5944aa4cd4072c53fb2  lib/ws.cyr
cfd1d9aafc801afbf2fff72086493ba6d9c8eac950eb7921d56d616b623c6f65  lib/ws_server.cyr
2aaefc1d8dd0ef7ae3adc3a1fc7b2aeb17cb82d2e2830a8c885ee79724ce06fa  lib/yantra.cyr
de4ded7ae49d81025599e74c70ff3357d4bed069cd1a00e62d6ebf0e6e2ef682  lib/yukti.cyr
cyrius	6.6.18
